// !$*UTF8*$!
{
	archiveVersion = 1;
	classes = {
	};
	objectVersion = 46;
	objects = {

/* Begin PBXBuildFile section */
		2026A4A61C9CAFB700AFAE18 /* Models.swift in Sources */ = {isa = PBXBuildFile; fileRef = 2026A4A51C9CAFB700AFAE18 /* Models.swift */; };
		20AC85651C9A3B4C00D6ABF3 /* AppDelegate.swift in Sources */ = {isa = PBXBuildFile; fileRef = 20AC85641C9A3B4C00D6ABF3 /* AppDelegate.swift */; };
		20AC856A1C9A3B4C00D6ABF3 /* Main.storyboard in Resources */ = {isa = PBXBuildFile; fileRef = 20AC85681C9A3B4C00D6ABF3 /* Main.storyboard */; };
		20AC856C1C9A3B4C00D6ABF3 /* Assets.xcassets in Resources */ = {isa = PBXBuildFile; fileRef = 20AC856B1C9A3B4C00D6ABF3 /* Assets.xcassets */; };
		20AC856F1C9A3B4C00D6ABF3 /* LaunchScreen.storyboard in Resources */ = {isa = PBXBuildFile; fileRef = 20AC856D1C9A3B4C00D6ABF3 /* LaunchScreen.storyboard */; };
		20AC857E1C9B14FE00D6ABF3 /* CameraViewController.swift in Sources */ = {isa = PBXBuildFile; fileRef = 20AC857D1C9B14FE00D6ABF3 /* CameraViewController.swift */; };
		20AFD0F81C9CDB5D0035F240 /* PuzzlesTableViewController.swift in Sources */ = {isa = PBXBuildFile; fileRef = 20AFD0F71C9CDB5D0035F240 /* PuzzlesTableViewController.swift */; };
		20AFD0FC1C9DBD0E0035F240 /* NewPuzzleViewController.swift in Sources */ = {isa = PBXBuildFile; fileRef = 20AFD0FB1C9DBD0E0035F240 /* NewPuzzleViewController.swift */; };
		20B67E771C9E156F001C84D7 /* PuzzleTableViewCell.swift in Sources */ = {isa = PBXBuildFile; fileRef = 20B67E761C9E156F001C84D7 /* PuzzleTableViewCell.swift */; };
		982CFC11CF66539DDC1A27BF /* Pods_FinalProject2049.framework in Frameworks */ = {isa = PBXBuildFile; fileRef = 4E4FE34972C055DCCA1A3803 /* Pods_FinalProject2049.framework */; };
/* End PBXBuildFile section */

/* Begin PBXFileReference section */
		2026A4A51C9CAFB700AFAE18 /* Models.swift */ = {isa = PBXFileReference; fileEncoding = 4; lastKnownFileType = sourcecode.swift; path = Models.swift; sourceTree = "<group>"; };
		20AC85611C9A3B4C00D6ABF3 /* FinalProject2049.app */ = {isa = PBXFileReference; explicitFileType = wrapper.application; includeInIndex = 0; path = FinalProject2049.app; sourceTree = BUILT_PRODUCTS_DIR; };
		20AC85641C9A3B4C00D6ABF3 /* AppDelegate.swift */ = {isa = PBXFileReference; lastKnownFileType = sourcecode.swift; path = AppDelegate.swift; sourceTree = "<group>"; };
		20AC85691C9A3B4C00D6ABF3 /* Base */ = {isa = PBXFileReference; lastKnownFileType = file.storyboard; name = Base; path = Base.lproj/Main.storyboard; sourceTree = "<group>"; };
		20AC856B1C9A3B4C00D6ABF3 /* Assets.xcassets */ = {isa = PBXFileReference; lastKnownFileType = folder.assetcatalog; path = Assets.xcassets; sourceTree = "<group>"; };
		20AC856E1C9A3B4C00D6ABF3 /* Base */ = {isa = PBXFileReference; lastKnownFileType = file.storyboard; name = Base; path = Base.lproj/LaunchScreen.storyboard; sourceTree = "<group>"; };
		20AC85701C9A3B4C00D6ABF3 /* Info.plist */ = {isa = PBXFileReference; lastKnownFileType = text.plist.xml; path = Info.plist; sourceTree = "<group>"; };
		20AC857D1C9B14FE00D6ABF3 /* CameraViewController.swift */ = {isa = PBXFileReference; fileEncoding = 4; lastKnownFileType = sourcecode.swift; path = CameraViewController.swift; sourceTree = "<group>"; };
		20AFD0F71C9CDB5D0035F240 /* PuzzlesTableViewController.swift */ = {isa = PBXFileReference; fileEncoding = 4; lastKnownFileType = sourcecode.swift; path = PuzzlesTableViewController.swift; sourceTree = "<group>"; };
		20AFD0FB1C9DBD0E0035F240 /* NewPuzzleViewController.swift */ = {isa = PBXFileReference; fileEncoding = 4; lastKnownFileType = sourcecode.swift; path = NewPuzzleViewController.swift; sourceTree = "<group>"; };
		20B67E761C9E156F001C84D7 /* PuzzleTableViewCell.swift */ = {isa = PBXFileReference; fileEncoding = 4; lastKnownFileType = sourcecode.swift; path = PuzzleTableViewCell.swift; sourceTree = "<group>"; };
		4E4FE34972C055DCCA1A3803 /* Pods_FinalProject2049.framework */ = {isa = PBXFileReference; explicitFileType = wrapper.framework; includeInIndex = 0; path = Pods_FinalProject2049.framework; sourceTree = BUILT_PRODUCTS_DIR; };
		8564553839E6BAEC37A30980 /* Pods-FinalProject2049.release.xcconfig */ = {isa = PBXFileReference; includeInIndex = 1; lastKnownFileType = text.xcconfig; name = "Pods-FinalProject2049.release.xcconfig"; path = "Pods/Target Support Files/Pods-FinalProject2049/Pods-FinalProject2049.release.xcconfig"; sourceTree = "<group>"; };
		DBD8B4FB826C635BC9AA0A3A /* Pods-FinalProject2049.debug.xcconfig */ = {isa = PBXFileReference; includeInIndex = 1; lastKnownFileType = text.xcconfig; name = "Pods-FinalProject2049.debug.xcconfig"; path = "Pods/Target Support Files/Pods-FinalProject2049/Pods-FinalProject2049.debug.xcconfig"; sourceTree = "<group>"; };
/* End PBXFileReference section */

/* Begin PBXFrameworksBuildPhase section */
		20AC855E1C9A3B4C00D6ABF3 /* Frameworks */ = {
			isa = PBXFrameworksBuildPhase;
			buildActionMask = 2147483647;
			files = (
				982CFC11CF66539DDC1A27BF /* Pods_FinalProject2049.framework in Frameworks */,
			);
			runOnlyForDeploymentPostprocessing = 0;
		};
/* End PBXFrameworksBuildPhase section */

/* Begin PBXGroup section */
		0DE0704661DF9062132B5EF1 /* Frameworks */ = {
			isa = PBXGroup;
			children = (
				4E4FE34972C055DCCA1A3803 /* Pods_FinalProject2049.framework */,
			);
			name = Frameworks;
			sourceTree = "<group>";
		};
		196727F17E6737154C909C51 /* Pods */ = {
			isa = PBXGroup;
			children = (
				DBD8B4FB826C635BC9AA0A3A /* Pods-FinalProject2049.debug.xcconfig */,
				8564553839E6BAEC37A30980 /* Pods-FinalProject2049.release.xcconfig */,
			);
			name = Pods;
			sourceTree = "<group>";
		};
		20AC85581C9A3B4C00D6ABF3 = {
			isa = PBXGroup;
			children = (
				20AC85631C9A3B4C00D6ABF3 /* FinalProject2049 */,
				20AC85621C9A3B4C00D6ABF3 /* Products */,
				196727F17E6737154C909C51 /* Pods */,
				0DE0704661DF9062132B5EF1 /* Frameworks */,
			);
			sourceTree = "<group>";
		};
		20AC85621C9A3B4C00D6ABF3 /* Products */ = {
			isa = PBXGroup;
			children = (
				20AC85611C9A3B4C00D6ABF3 /* FinalProject2049.app */,
			);
			name = Products;
			sourceTree = "<group>";
		};
		20AC85631C9A3B4C00D6ABF3 /* FinalProject2049 */ = {
			isa = PBXGroup;
			children = (
				20AC85641C9A3B4C00D6ABF3 /* AppDelegate.swift */,
				20AFD0F71C9CDB5D0035F240 /* PuzzlesTableViewController.swift */,
				20AFD0FB1C9DBD0E0035F240 /* NewPuzzleViewController.swift */,
				20AC857D1C9B14FE00D6ABF3 /* CameraViewController.swift */,
				20B67E761C9E156F001C84D7 /* PuzzleTableViewCell.swift */,
				2026A4A51C9CAFB700AFAE18 /* Models.swift */,
				20AC85681C9A3B4C00D6ABF3 /* Main.storyboard */,
				20AC856B1C9A3B4C00D6ABF3 /* Assets.xcassets */,
				20AC856D1C9A3B4C00D6ABF3 /* LaunchScreen.storyboard */,
				20AC85701C9A3B4C00D6ABF3 /* Info.plist */,
			);
			path = FinalProject2049;
			sourceTree = "<group>";
		};
/* End PBXGroup section */

/* Begin PBXNativeTarget section */
		20AC85601C9A3B4C00D6ABF3 /* FinalProject2049 */ = {
			isa = PBXNativeTarget;
			buildConfigurationList = 20AC85731C9A3B4C00D6ABF3 /* Build configuration list for PBXNativeTarget "FinalProject2049" */;
			buildPhases = (
				5D5BF4C0EEEE48B3288A1813 /* Check Pods Manifest.lock */,
				20AC855D1C9A3B4C00D6ABF3 /* Sources */,
				20AC855E1C9A3B4C00D6ABF3 /* Frameworks */,
				20AC855F1C9A3B4C00D6ABF3 /* Resources */,
				036CDF9E26DA5D2270EE85B4 /* Embed Pods Frameworks */,
				9F9CFC827A6F739AEAA1AC0B /* Copy Pods Resources */,
			);
			buildRules = (
			);
			dependencies = (
			);
			name = FinalProject2049;
			productName = FinalProject2049;
			productReference = 20AC85611C9A3B4C00D6ABF3 /* FinalProject2049.app */;
			productType = "com.apple.product-type.application";
		};
/* End PBXNativeTarget section */

/* Begin PBXProject section */
		20AC85591C9A3B4C00D6ABF3 /* Project object */ = {
			isa = PBXProject;
			attributes = {
				LastSwiftUpdateCheck = 0720;
				LastUpgradeCheck = 0720;
				ORGANIZATIONNAME = "Brandon Walker";
				TargetAttributes = {
					20AC85601C9A3B4C00D6ABF3 = {
						CreatedOnToolsVersion = 7.2.1;
					};
				};
			};
			buildConfigurationList = 20AC855C1C9A3B4C00D6ABF3 /* Build configuration list for PBXProject "FinalProject2049" */;
			compatibilityVersion = "Xcode 3.2";
			developmentRegion = English;
			hasScannedForEncodings = 0;
			knownRegions = (
				en,
				Base,
			);
			mainGroup = 20AC85581C9A3B4C00D6ABF3;
			productRefGroup = 20AC85621C9A3B4C00D6ABF3 /* Products */;
			projectDirPath = "";
			projectRoot = "";
			targets = (
				20AC85601C9A3B4C00D6ABF3 /* FinalProject2049 */,
			);
		};
/* End PBXProject section */

/* Begin PBXResourcesBuildPhase section */
		20AC855F1C9A3B4C00D6ABF3 /* Resources */ = {
			isa = PBXResourcesBuildPhase;
			buildActionMask = 2147483647;
			files = (
				20AC856F1C9A3B4C00D6ABF3 /* LaunchScreen.storyboard in Resources */,
				20AC856C1C9A3B4C00D6ABF3 /* Assets.xcassets in Resources */,
				20AC856A1C9A3B4C00D6ABF3 /* Main.storyboard in Resources */,
			);
			runOnlyForDeploymentPostprocessing = 0;
		};
/* End PBXResourcesBuildPhase section */

/* Begin PBXShellScriptBuildPhase section */
		036CDF9E26DA5D2270EE85B4 /* Embed Pods Frameworks */ = {
			isa = PBXShellScriptBuildPhase;
			buildActionMask = 2147483647;
			files = (
			);
			inputPaths = (
			);
			name = "Embed Pods Frameworks";
			outputPaths = (
			);
			runOnlyForDeploymentPostprocessing = 0;
			shellPath = /bin/sh;
			shellScript = "\"${SRCROOT}/Pods/Target Support Files/Pods-FinalProject2049/Pods-FinalProject2049-frameworks.sh\"\n";
			showEnvVarsInLog = 0;
		};
		5D5BF4C0EEEE48B3288A1813 /* Check Pods Manifest.lock */ = {
			isa = PBXShellScriptBuildPhase;
			buildActionMask = 2147483647;
			files = (
			);
			inputPaths = (
			);
			name = "Check Pods Manifest.lock";
			outputPaths = (
			);
			runOnlyForDeploymentPostprocessing = 0;
			shellPath = /bin/sh;
			shellScript = "diff \"${PODS_ROOT}/../Podfile.lock\" \"${PODS_ROOT}/Manifest.lock\" > /dev/null\nif [[ $? != 0 ]] ; then\n    cat << EOM\nerror: The sandbox is not in sync with the Podfile.lock. Run 'pod install' or update your CocoaPods installation.\nEOM\n    exit 1\nfi\n";
			showEnvVarsInLog = 0;
		};
		9F9CFC827A6F739AEAA1AC0B /* Copy Pods Resources */ = {
			isa = PBXShellScriptBuildPhase;
			buildActionMask = 2147483647;
			files = (
			);
			inputPaths = (
			);
			name = "Copy Pods Resources";
			outputPaths = (
			);
			runOnlyForDeploymentPostprocessing = 0;
			shellPath = /bin/sh;
			shellScript = "\"${SRCROOT}/Pods/Target Support Files/Pods-FinalProject2049/Pods-FinalProject2049-resources.sh\"\n";
			showEnvVarsInLog = 0;
		};
/* End PBXShellScriptBuildPhase section */

/* Begin PBXSourcesBuildPhase section */
		20AC855D1C9A3B4C00D6ABF3 /* Sources */ = {
			isa = PBXSourcesBuildPhase;
			buildActionMask = 2147483647;
			files = (
				20AFD0FC1C9DBD0E0035F240 /* NewPuzzleViewController.swift in Sources */,
				20AC857E1C9B14FE00D6ABF3 /* CameraViewController.swift in Sources */,
				20AC85651C9A3B4C00D6ABF3 /* AppDelegate.swift in Sources */,
				20B67E771C9E156F001C84D7 /* PuzzleTableViewCell.swift in Sources */,
				20AFD0F81C9CDB5D0035F240 /* PuzzlesTableViewController.swift in Sources */,
				2026A4A61C9CAFB700AFAE18 /* Models.swift in Sources */,
			);
			runOnlyForDeploymentPostprocessing = 0;
		};
/* End PBXSourcesBuildPhase section */

/* Begin PBXVariantGroup section */
		20AC85681C9A3B4C00D6ABF3 /* Main.storyboard */ = {
			isa = PBXVariantGroup;
			children = (
				20AC85691C9A3B4C00D6ABF3 /* Base */,
			);
			name = Main.storyboard;
			sourceTree = "<group>";
		};
		20AC856D1C9A3B4C00D6ABF3 /* LaunchScreen.storyboard */ = {
			isa = PBXVariantGroup;
			children = (
				20AC856E1C9A3B4C00D6ABF3 /* Base */,
			);
			name = LaunchScreen.storyboard;
			sourceTree = "<group>";
		};
/* End PBXVariantGroup section */

/* Begin XCBuildConfiguration section */
		20AC85711C9A3B4C00D6ABF3 /* Debug */ = {
			isa = XCBuildConfiguration;
			buildSettings = {
				ALWAYS_SEARCH_USER_PATHS = NO;
				CLANG_CXX_LANGUAGE_STANDARD = "gnu++0x";
				CLANG_CXX_LIBRARY = "libc++";
				CLANG_ENABLE_MODULES = YES;
				CLANG_ENABLE_OBJC_ARC = YES;
				CLANG_WARN_BOOL_CONVERSION = YES;
				CLANG_WARN_CONSTANT_CONVERSION = YES;
				CLANG_WARN_DIRECT_OBJC_ISA_USAGE = YES_ERROR;
				CLANG_WARN_EMPTY_BODY = YES;
				CLANG_WARN_ENUM_CONVERSION = YES;
				CLANG_WARN_INT_CONVERSION = YES;
				CLANG_WARN_OBJC_ROOT_CLASS = YES_ERROR;
				CLANG_WARN_UNREACHABLE_CODE = YES;
				CLANG_WARN__DUPLICATE_METHOD_MATCH = YES;
				"CODE_SIGN_IDENTITY[sdk=iphoneos*]" = "iPhone Developer";
				COPY_PHASE_STRIP = NO;
				DEBUG_INFORMATION_FORMAT = dwarf;
				ENABLE_STRICT_OBJC_MSGSEND = YES;
				ENABLE_TESTABILITY = YES;
				GCC_C_LANGUAGE_STANDARD = gnu99;
				GCC_DYNAMIC_NO_PIC = NO;
				GCC_NO_COMMON_BLOCKS = YES;
				GCC_OPTIMIZATION_LEVEL = 0;
				GCC_PREPROCESSOR_DEFINITIONS = (
					"DEBUG=1",
					"$(inherited)",
				);
				GCC_WARN_64_TO_32_BIT_CONVERSION = YES;
				GCC_WARN_ABOUT_RETURN_TYPE = YES_ERROR;
				GCC_WARN_UNDECLARED_SELECTOR = YES;
				GCC_WARN_UNINITIALIZED_AUTOS = YES_AGGRESSIVE;
				GCC_WARN_UNUSED_FUNCTION = YES;
				GCC_WARN_UNUSED_VARIABLE = YES;
				IPHONEOS_DEPLOYMENT_TARGET = 9.2;
				MTL_ENABLE_DEBUG_INFO = YES;
				ONLY_ACTIVE_ARCH = YES;
				SDKROOT = iphoneos;
				SWIFT_OPTIMIZATION_LEVEL = "-Onone";
			};
			name = Debug;
		};
		20AC85721C9A3B4C00D6ABF3 /* Release */ = {
			isa = XCBuildConfiguration;
			buildSettings = {
				ALWAYS_SEARCH_USER_PATHS = NO;
				CLANG_CXX_LANGUAGE_STANDARD = "gnu++0x";
				CLANG_CXX_LIBRARY = "libc++";
				CLANG_ENABLE_MODULES = YES;
				CLANG_ENABLE_OBJC_ARC = YES;
				CLANG_WARN_BOOL_CONVERSION = YES;
				CLANG_WARN_CONSTANT_CONVERSION = YES;
				CLANG_WARN_DIRECT_OBJC_ISA_USAGE = YES_ERROR;
				CLANG_WARN_EMPTY_BODY = YES;
				CLANG_WARN_ENUM_CONVERSION = YES;
				CLANG_WARN_INT_CONVERSION = YES;
				CLANG_WARN_OBJC_ROOT_CLASS = YES_ERROR;
				CLANG_WARN_UNREACHABLE_CODE = YES;
				CLANG_WARN__DUPLICATE_METHOD_MATCH = YES;
				"CODE_SIGN_IDENTITY[sdk=iphoneos*]" = "iPhone Developer";
				COPY_PHASE_STRIP = NO;
				DEBUG_INFORMATION_FORMAT = "dwarf-with-dsym";
				ENABLE_NS_ASSERTIONS = NO;
				ENABLE_STRICT_OBJC_MSGSEND = YES;
				GCC_C_LANGUAGE_STANDARD = gnu99;
				GCC_NO_COMMON_BLOCKS = YES;
				GCC_WARN_64_TO_32_BIT_CONVERSION = YES;
				GCC_WARN_ABOUT_RETURN_TYPE = YES_ERROR;
				GCC_WARN_UNDECLARED_SELECTOR = YES;
				GCC_WARN_UNINITIALIZED_AUTOS = YES_AGGRESSIVE;
				GCC_WARN_UNUSED_FUNCTION = YES;
				GCC_WARN_UNUSED_VARIABLE = YES;
				IPHONEOS_DEPLOYMENT_TARGET = 9.2;
				MTL_ENABLE_DEBUG_INFO = NO;
				SDKROOT = iphoneos;
				VALIDATE_PRODUCT = YES;
			};
			name = Release;
		};
		20AC85741C9A3B4C00D6ABF3 /* Debug */ = {
			isa = XCBuildConfiguration;
			baseConfigurationReference = DBD8B4FB826C635BC9AA0A3A /* Pods-FinalProject2049.debug.xcconfig */;
			buildSettings = {
				ASSETCATALOG_COMPILER_APPICON_NAME = AppIcon;
				INFOPLIST_FILE = FinalProject2049/Info.plist;
				IPHONEOS_DEPLOYMENT_TARGET = 8.0;
				LD_RUNPATH_SEARCH_PATHS = "$(inherited) @executable_path/Frameworks";
				PRODUCT_BUNDLE_IDENTIFIER = com.brandonwalker.FinalProject2049;
				PRODUCT_NAME = "$(TARGET_NAME)";
			};
			name = Debug;
		};
		20AC85751C9A3B4C00D6ABF3 /* Release */ = {
			isa = XCBuildConfiguration;
			baseConfigurationReference = 8564553839E6BAEC37A30980 /* Pods-FinalProject2049.release.xcconfig */;
			buildSettings = {
				ASSETCATALOG_COMPILER_APPICON_NAME = AppIcon;
				INFOPLIST_FILE = FinalProject2049/Info.plist;
				IPHONEOS_DEPLOYMENT_TARGET = 8.0;
				LD_RUNPATH_SEARCH_PATHS = "$(inherited) @executable_path/Frameworks";
				PRODUCT_BUNDLE_IDENTIFIER = com.brandonwalker.FinalProject2049;
				PRODUCT_NAME = "$(TARGET_NAME)";
			};
			name = Release;
		};
/* End XCBuildConfiguration section */

/* Begin XCConfigurationList section */
		20AC855C1C9A3B4C00D6ABF3 /* Build configuration list for PBXProject "FinalProject2049" */ = {
			isa = XCConfigurationList;
			buildConfigurations = (
				20AC85711C9A3B4C00D6ABF3 /* Debug */,
				20AC85721C9A3B4C00D6ABF3 /* Release */,
			);
			defaultConfigurationIsVisible = 0;
			defaultConfigurationName = Release;
		};
		20AC85731C9A3B4C00D6ABF3 /* Build configuration list for PBXNativeTarget "FinalProject2049" */ = {
			isa = XCConfigurationList;
			buildConfigurations = (
				20AC85741C9A3B4C00D6ABF3 /* Debug */,
				20AC85751C9A3B4C00D6ABF3 /* Release */,
			);
			defaultConfigurationIsVisible = 0;
			defaultConfigurationName = Release;
		};
/* End XCConfigurationList section */
	};
	rootObject = 20AC85591C9A3B4C00D6ABF3 /* Project object */;
}
